
Microsoft Visual Studio Solution File, Format Version 12.00
# Visual Studio Version 16
VisualStudioVersion = 16.0.32228.343
MinimumVisualStudioVersion = 10.0.40219.1
Project("{8BC9CEB8-8B4A-11D0-8D11-00A0C91BC942}") = "lr33_2", "lr33_2\lr33_2.vcxproj", "{78F0FE62-9120-4C67-9A22-D68C9133A29A}"
EndProject
Global
	GlobalSection(SolutionConfigurationPlatforms) = preSolution
		Debug|x64 = Debug|x64
		Debug|x86 = Debug|x86
		Release|x64 = Release|x64
		Release|x86 = Release|x86
	EndGlobalSection
	GlobalSection(ProjectConfigurationPlatforms) = postSolution
		{78F0FE62-9120-4C67-9A22-D68C9133A29A}.Debug|x64.ActiveCfg = Debug|x64
		{78F0FE62-9120-4C67-9A22-D68C9133A29A}.Debug|x64.Build.0 = Debug|x64
		{78F0FE62-9120-4C67-9A22-D68C9133A29A}.Debug|x86.ActiveCfg = Debug|Win32
		{78F0FE62-9120-4C67-9A22-D68C9133A29A}.Debug|x86.Build.0 = Debug|Win32
		{78F0FE62-9120-4C67-9A22-D68C9133A29A}.Release|x64.ActiveCfg = Release|x64
		{78F0FE62-9120-4C67-9A22-D68C9133A29A}.Release|x64.Build.0 = Release|x64
		{78F0FE62-9120-4C67-9A22-D68C9133A29A}.Release|x86.ActiveCfg = Release|Win32
		{78F0FE62-9120-4C67-9A22-D68C9133A29A}.Release|x86.Build.0 = Release|Win32
	EndGlobalSection
	GlobalSection(SolutionProperties) = preSolution
		HideSolutionNode = FALSE
	EndGlobalSection
	GlobalSection(ExtensibilityGlobals) = postSolution
		SolutionGuid = {F154CEEF-8D86-4128-B342-9DD598C66F22}
	EndGlobalSection
EndGlobal
